// !$*UTF8*$!
{
	archiveVersion = 1;
	classes = {
	};
	objectVersion = 51;
	objects = {

/* Begin PBXBuildFile section */
		0AB898B2525123EB2604E1AC /* Pods_memor.framework in Frameworks */ = {isa = PBXBuildFile; fileRef = A35E9C461A0ECE3C70BC49F6 /* Pods_memor.framework */; };
		3995F72725E239710084BEFA /* AppDelegate.swift in Sources */ = {isa = PBXBuildFile; fileRef = 3995F72625E239710084BEFA /* AppDelegate.swift */; };
		3995F72925E239710084BEFA /* SceneDelegate.swift in Sources */ = {isa = PBXBuildFile; fileRef = 3995F72825E239710084BEFA /* SceneDelegate.swift */; };
		3995F72B25E239710084BEFA /* MemoViewController.swift in Sources */ = {isa = PBXBuildFile; fileRef = 3995F72A25E239710084BEFA /* MemoViewController.swift */; };
		3995F72E25E239710084BEFA /* Main.storyboard in Resources */ = {isa = PBXBuildFile; fileRef = 3995F72C25E239710084BEFA /* Main.storyboard */; };
		3995F73025E2397C0084BEFA /* Assets.xcassets in Resources */ = {isa = PBXBuildFile; fileRef = 3995F72F25E2397C0084BEFA /* Assets.xcassets */; };
		3995F73325E2397C0084BEFA /* LaunchScreen.storyboard in Resources */ = {isa = PBXBuildFile; fileRef = 3995F73125E2397C0084BEFA /* LaunchScreen.storyboard */; };
		3995F73B25E244F90084BEFA /* CalenderViewController.swift in Sources */ = {isa = PBXBuildFile; fileRef = 3995F73A25E244F90084BEFA /* CalenderViewController.swift */; };
		3995F73D25E25ABC0084BEFA /* Memo.swift in Sources */ = {isa = PBXBuildFile; fileRef = 3995F73C25E25ABC0084BEFA /* Memo.swift */; };
/* End PBXBuildFile section */

/* Begin PBXFileReference section */
		03C4E9D71FF83BC6FA330F3F /* Pods-memor.debug.xcconfig */ = {isa = PBXFileReference; includeInIndex = 1; lastKnownFileType = text.xcconfig; name = "Pods-memor.debug.xcconfig"; path = "Target Support Files/Pods-memor/Pods-memor.debug.xcconfig"; sourceTree = "<group>"; };
		3130651C52CAFD8A2E715E96 /* Pods-memor.release.xcconfig */ = {isa = PBXFileReference; includeInIndex = 1; lastKnownFileType = text.xcconfig; name = "Pods-memor.release.xcconfig"; path = "Target Support Files/Pods-memor/Pods-memor.release.xcconfig"; sourceTree = "<group>"; };
		3995F72325E239710084BEFA /* memor.app */ = {isa = PBXFileReference; explicitFileType = wrapper.application; includeInIndex = 0; path = memor.app; sourceTree = BUILT_PRODUCTS_DIR; };
		3995F72625E239710084BEFA /* AppDelegate.swift */ = {isa = PBXFileReference; lastKnownFileType = sourcecode.swift; path = AppDelegate.swift; sourceTree = "<group>"; };
		3995F72825E239710084BEFA /* SceneDelegate.swift */ = {isa = PBXFileReference; lastKnownFileType = sourcecode.swift; path = SceneDelegate.swift; sourceTree = "<group>"; };
		3995F72A25E239710084BEFA /* MemoViewController.swift */ = {isa = PBXFileReference; lastKnownFileType = sourcecode.swift; path = MemoViewController.swift; sourceTree = "<group>"; };
		3995F72D25E239710084BEFA /* Base */ = {isa = PBXFileReference; lastKnownFileType = file.storyboard; name = Base; path = Base.lproj/Main.storyboard; sourceTree = "<group>"; };
		3995F72F25E2397C0084BEFA /* Assets.xcassets */ = {isa = PBXFileReference; lastKnownFileType = folder.assetcatalog; path = Assets.xcassets; sourceTree = "<group>"; };
		3995F73225E2397C0084BEFA /* Base */ = {isa = PBXFileReference; lastKnownFileType = file.storyboard; name = Base; path = Base.lproj/LaunchScreen.storyboard; sourceTree = "<group>"; };
		3995F73425E2397C0084BEFA /* Info.plist */ = {isa = PBXFileReference; lastKnownFileType = text.plist.xml; path = Info.plist; sourceTree = "<group>"; };
		3995F73A25E244F90084BEFA /* CalenderViewController.swift */ = {isa = PBXFileReference; lastKnownFileType = sourcecode.swift; path = CalenderViewController.swift; sourceTree = "<group>"; };
		3995F73C25E25ABC0084BEFA /* Memo.swift */ = {isa = PBXFileReference; lastKnownFileType = sourcecode.swift; path = Memo.swift; sourceTree = "<group>"; };
		A35E9C461A0ECE3C70BC49F6 /* Pods_memor.framework */ = {isa = PBXFileReference; explicitFileType = wrapper.framework; includeInIndex = 0; path = Pods_memor.framework; sourceTree = BUILT_PRODUCTS_DIR; };
/* End PBXFileReference section */

/* Begin PBXFrameworksBuildPhase section */
		3995F72025E239710084BEFA /* Frameworks */ = {
			isa = PBXFrameworksBuildPhase;
			buildActionMask = 2147483647;
			files = (
				0AB898B2525123EB2604E1AC /* Pods_memor.framework in Frameworks */,
			);
			runOnlyForDeploymentPostprocessing = 0;
		};
/* End PBXFrameworksBuildPhase section */

/* Begin PBXGroup section */
		0C0FC876E4A90902824A40BD /* Frameworks */ = {
			isa = PBXGroup;
			children = (
				A35E9C461A0ECE3C70BC49F6 /* Pods_memor.framework */,
			);
			name = Frameworks;
			sourceTree = "<group>";
		};
		3995F71A25E239710084BEFA = {
			isa = PBXGroup;
			children = (
				3995F72525E239710084BEFA /* memor */,
				3995F72425E239710084BEFA /* Products */,
				FA2B175E254054FB5E4AC5D3 /* Pods */,
				0C0FC876E4A90902824A40BD /* Frameworks */,
			);
			sourceTree = "<group>";
		};
		3995F72425E239710084BEFA /* Products */ = {
			isa = PBXGroup;
			children = (
				3995F72325E239710084BEFA /* memor.app */,
			);
			name = Products;
			sourceTree = "<group>";
		};
		3995F72525E239710084BEFA /* memor */ = {
			isa = PBXGroup;
			children = (
				3995F72625E239710084BEFA /* AppDelegate.swift */,
				3995F72825E239710084BEFA /* SceneDelegate.swift */,
				3995F72A25E239710084BEFA /* MemoViewController.swift */,
				3995F72C25E239710084BEFA /* Main.storyboard */,
				3995F72F25E2397C0084BEFA /* Assets.xcassets */,
				3995F73125E2397C0084BEFA /* LaunchScreen.storyboard */,
				3995F73425E2397C0084BEFA /* Info.plist */,
				3995F73A25E244F90084BEFA /* CalenderViewController.swift */,
				3995F73C25E25ABC0084BEFA /* Memo.swift */,
			);
			path = memor;
			sourceTree = "<group>";
		};
		FA2B175E254054FB5E4AC5D3 /* Pods */ = {
			isa = PBXGroup;
			children = (
				03C4E9D71FF83BC6FA330F3F /* Pods-memor.debug.xcconfig */,
				3130651C52CAFD8A2E715E96 /* Pods-memor.release.xcconfig */,
			);
			path = Pods;
			sourceTree = "<group>";
		};
/* End PBXGroup section */

/* Begin PBXNativeTarget section */
		3995F72225E239710084BEFA /* memor */ = {
			isa = PBXNativeTarget;
			buildConfigurationList = 3995F73725E2397C0084BEFA /* Build configuration list for PBXNativeTarget "memor" */;
			buildPhases = (
				C9237EEFCF825F8F117A3079 /* [CP] Check Pods Manifest.lock */,
				3995F71F25E239710084BEFA /* Sources */,
				3995F72025E239710084BEFA /* Frameworks */,
				3995F72125E239710084BEFA /* Resources */,
				7D96F85C1CC5F23FA8F60073 /* [CP] Embed Pods Frameworks */,
			);
			buildRules = (
			);
			dependencies = (
			);
			name = memor;
			productName = memor;
			productReference = 3995F72325E239710084BEFA /* memor.app */;
			productType = "com.apple.product-type.application";
		};
/* End PBXNativeTarget section */

/* Begin PBXProject section */
		3995F71B25E239710084BEFA /* Project object */ = {
			isa = PBXProject;
			attributes = {
				LastSwiftUpdateCheck = 1160;
				LastUpgradeCheck = 1160;
				ORGANIZATIONNAME = tk;
				TargetAttributes = {
					3995F72225E239710084BEFA = {
						CreatedOnToolsVersion = 11.6;
					};
				};
			};
			buildConfigurationList = 3995F71E25E239710084BEFA /* Build configuration list for PBXProject "memor" */;
			compatibilityVersion = "Xcode 9.3";
			developmentRegion = en;
			hasScannedForEncodings = 0;
			knownRegions = (
				en,
				Base,
			);
			mainGroup = 3995F71A25E239710084BEFA;
			productRefGroup = 3995F72425E239710084BEFA /* Products */;
			projectDirPath = "";
			projectRoot = "";
			targets = (
				3995F72225E239710084BEFA /* memor */,
			);
		};
/* End PBXProject section */

/* Begin PBXResourcesBuildPhase section */
		3995F72125E239710084BEFA /* Resources */ = {
			isa = PBXResourcesBuildPhase;
			buildActionMask = 2147483647;
			files = (
				3995F73325E2397C0084BEFA /* LaunchScreen.storyboard in Resources */,
				3995F73025E2397C0084BEFA /* Assets.xcassets in Resources */,
				3995F72E25E239710084BEFA /* Main.storyboard in Resources */,
			);
			runOnlyForDeploymentPostprocessing = 0;
		};
/* End PBXResourcesBuildPhase section */

/* Begin PBXShellScriptBuildPhase section */
		7D96F85C1CC5F23FA8F60073 /* [CP] Embed Pods Frameworks */ = {
			isa = PBXShellScriptBuildPhase;
			buildActionMask = 2147483647;
			files = (
			);
			inputFileListPaths = (
				"${PODS_ROOT}/Target Support Files/Pods-memor/Pods-memor-frameworks-${CONFIGURATION}-input-files.xcfilelist",
			);
			name = "[CP] Embed Pods Frameworks";
			outputFileListPaths = (
				"${PODS_ROOT}/Target Support Files/Pods-memor/Pods-memor-frameworks-${CONFIGURATION}-output-files.xcfilelist",
			);
			runOnlyForDeploymentPostprocessing = 0;
			shellPath = /bin/sh;
			shellScript = "\"${PODS_ROOT}/Target Support Files/Pods-memor/Pods-memor-frameworks.sh\"\n";
			showEnvVarsInLog = 0;
		};
		C9237EEFCF825F8F117A3079 /* [CP] Check Pods Manifest.lock */ = {
			isa = PBXShellScriptBuildPhase;
			buildActionMask = 2147483647;
			files = (
			);
			inputFileListPaths = (
			);
			inputPaths = (
				"${PODS_PODFILE_DIR_PATH}/Podfile.lock",
				"${PODS_ROOT}/Manifest.lock",
			);
			name = "[CP] Check Pods Manifest.lock";
			outputFileListPaths = (
			);
			outputPaths = (
				"$(DERIVED_FILE_DIR)/Pods-memor-checkManifestLockResult.txt",
			);
			runOnlyForDeploymentPostprocessing = 0;
			shellPath = /bin/sh;
			shellScript = "diff \"${PODS_PODFILE_DIR_PATH}/Podfile.lock\" \"${PODS_ROOT}/Manifest.lock\" > /dev/null\nif [ $? != 0 ] ; then\n    # print error to STDERR\n    echo \"error: The sandbox is not in sync with the Podfile.lock. Run 'pod install' or update your CocoaPods installation.\" >&2\n    exit 1\nfi\n# This output is used by Xcode 'outputs' to avoid re-running this script phase.\necho \"SUCCESS\" > \"${SCRIPT_OUTPUT_FILE_0}\"\n";
			showEnvVarsInLog = 0;
		};
/* End PBXShellScriptBuildPhase section */

/* Begin PBXSourcesBuildPhase section */
		3995F71F25E239710084BEFA /* Sources */ = {
			isa = PBXSourcesBuildPhase;
			buildActionMask = 2147483647;
			files = (
				3995F73B25E244F90084BEFA /* CalenderViewController.swift in Sources */,
				3995F72B25E239710084BEFA /* MemoViewController.swift in Sources */,
				3995F72725E239710084BEFA /* AppDelegate.swift in Sources */,
				3995F72925E239710084BEFA /* SceneDelegate.swift in Sources */,
				3995F73D25E25ABC0084BEFA /* Memo.swift in Sources */,
			);
			runOnlyForDeploymentPostprocessing = 0;
		};
/* End PBXSourcesBuildPhase section */

/* Begin PBXVariantGroup section */
		3995F72C25E239710084BEFA /* Main.storyboard */ = {
			isa = PBXVariantGroup;
			children = (
				3995F72D25E239710084BEFA /* Base */,
			);
			name = Main.storyboard;
			sourceTree = "<group>";
		};
		3995F73125E2397C0084BEFA /* LaunchScreen.storyboard */ = {
			isa = PBXVariantGroup;
			children = (
				3995F73225E2397C0084BEFA /* Base */,
			);
			name = LaunchScreen.storyboard;
			sourceTree = "<group>";
		};
/* End PBXVariantGroup section */

/* Begin XCBuildConfiguration section */
		3995F73525E2397C0084BEFA /* Debug */ = {
			isa = XCBuildConfiguration;
			buildSettings = {
				ALWAYS_SEARCH_USER_PATHS = NO;
				CLANG_ANALYZER_NONNULL = YES;
				CLANG_ANALYZER_NUMBER_OBJECT_CONVERSION = YES_AGGRESSIVE;
				CLANG_CXX_LANGUAGE_STANDARD = "gnu++14";
				CLANG_CXX_LIBRARY = "libc++";
				CLANG_ENABLE_MODULES = YES;
				CLANG_ENABLE_OBJC_ARC = YES;
				CLANG_ENABLE_OBJC_WEAK = YES;
				CLANG_WARN_BLOCK_CAPTURE_AUTORELEASING = YES;
				CLANG_WARN_BOOL_CONVERSION = YES;
				CLANG_WARN_COMMA = YES;
				CLANG_WARN_CONSTANT_CONVERSION = YES;
				CLANG_WARN_DEPRECATED_OBJC_IMPLEMENTATIONS = YES;
				CLANG_WARN_DIRECT_OBJC_ISA_USAGE = YES_ERROR;
				CLANG_WARN_DOCUMENTATION_COMMENTS = YES;
				CLANG_WARN_EMPTY_BODY = YES;
				CLANG_WARN_ENUM_CONVERSION = YES;
				CLANG_WARN_INFINITE_RECURSION = YES;
				CLANG_WARN_INT_CONVERSION = YES;
				CLANG_WARN_NON_LITERAL_NULL_CONVERSION = YES;
				CLANG_WARN_OBJC_IMPLICIT_RETAIN_SELF = YES;
				CLANG_WARN_OBJC_LITERAL_CONVERSION = YES;
				CLANG_WARN_OBJC_ROOT_CLASS = YES_ERROR;
				CLANG_WARN_RANGE_LOOP_ANALYSIS = YES;
				CLANG_WARN_STRICT_PROTOTYPES = YES;
				CLANG_WARN_SUSPICIOUS_MOVE = YES;
				CLANG_WARN_UNGUARDED_AVAILABILITY = YES_AGGRESSIVE;
				CLANG_WARN_UNREACHABLE_CODE = YES;
				CLANG_WARN__DUPLICATE_METHOD_MATCH = YES;
				COPY_PHASE_STRIP = NO;
				DEBUG_INFORMATION_FORMAT = dwarf;
				ENABLE_STRICT_OBJC_MSGSEND = YES;
				ENABLE_TESTABILITY = YES;
				GCC_C_LANGUAGE_STANDARD = gnu11;
				GCC_DYNAMIC_NO_PIC = NO;
				GCC_NO_COMMON_BLOCKS = YES;
				GCC_OPTIMIZATION_LEVEL = 0;
				GCC_PREPROCESSOR_DEFINITIONS = (
					"DEBUG=1",
					"$(inherited)",
				);
				GCC_WARN_64_TO_32_BIT_CONVERSION = YES;
				GCC_WARN_ABOUT_RETURN_TYPE = YES_ERROR;
				GCC_WARN_UNDECLARED_SELECTOR = YES;
				GCC_WARN_UNINITIALIZED_AUTOS = YES_AGGRESSIVE;
				GCC_WARN_UNUSED_FUNCTION = YES;
				GCC_WARN_UNUSED_VARIABLE = YES;
				IPHONEOS_DEPLOYMENT_TARGET = 13.6;
				MTL_ENABLE_DEBUG_INFO = INCLUDE_SOURCE;
				MTL_FAST_MATH = YES;
				ONLY_ACTIVE_ARCH = YES;
				SDKROOT = iphoneos;
				SWIFT_ACTIVE_COMPILATION_CONDITIONS = DEBUG;
				SWIFT_OPTIMIZATION_LEVEL = "-Onone";
			};
			name = Debug;
		};
		3995F73625E2397C0084BEFA /* Release */ = {
			isa = XCBuildConfiguration;
			buildSettings = {
				ALWAYS_SEARCH_USER_PATHS = NO;
				CLANG_ANALYZER_NONNULL = YES;
				CLANG_ANALYZER_NUMBER_OBJECT_CONVERSION = YES_AGGRESSIVE;
				CLANG_CXX_LANGUAGE_STANDARD = "gnu++14";
				CLANG_CXX_LIBRARY = "libc++";
				CLANG_ENABLE_MODULES = YES;
				CLANG_ENABLE_OBJC_ARC = YES;
				CLANG_ENABLE_OBJC_WEAK = YES;
				CLANG_WARN_BLOCK_CAPTURE_AUTORELEASING = YES;
				CLANG_WARN_BOOL_CONVERSION = YES;
				CLANG_WARN_COMMA = YES;
				CLANG_WARN_CONSTANT_CONVERSION = YES;
				CLANG_WARN_DEPRECATED_OBJC_IMPLEMENTATIONS = YES;
				CLANG_WARN_DIRECT_OBJC_ISA_USAGE = YES_ERROR;
				CLANG_WARN_DOCUMENTATION_COMMENTS = YES;
				CLANG_WARN_EMPTY_BODY = YES;
				CLANG_WARN_ENUM_CONVERSION = YES;
				CLANG_WARN_INFINITE_RECURSION = YES;
				CLANG_WARN_INT_CONVERSION = YES;
				CLANG_WARN_NON_LITERAL_NULL_CONVERSION = YES;
				CLANG_WARN_OBJC_IMPLICIT_RETAIN_SELF = YES;
				CLANG_WARN_OBJC_LITERAL_CONVERSION = YES;
				CLANG_WARN_OBJC_ROOT_CLASS = YES_ERROR;
				CLANG_WARN_RANGE_LOOP_ANALYSIS = YES;
				CLANG_WARN_STRICT_PROTOTYPES = YES;
				CLANG_WARN_SUSPICIOUS_MOVE = YES;
				CLANG_WARN_UNGUARDED_AVAILABILITY = YES_AGGRESSIVE;
				CLANG_WARN_UNREACHABLE_CODE = YES;
				CLANG_WARN__DUPLICATE_METHOD_MATCH = YES;
				COPY_PHASE_STRIP = NO;
				DEBUG_INFORMATION_FORMAT = "dwarf-with-dsym";
				ENABLE_NS_ASSERTIONS = NO;
				ENABLE_STRICT_OBJC_MSGSEND = YES;
				GCC_C_LANGUAGE_STANDARD = gnu11;
				GCC_NO_COMMON_BLOCKS = YES;
				GCC_WARN_64_TO_32_BIT_CONVERSION = YES;
				GCC_WARN_ABOUT_RETURN_TYPE = YES_ERROR;
				GCC_WARN_UNDECLARED_SELECTOR = YES;
				GCC_WARN_UNINITIALIZED_AUTOS = YES_AGGRESSIVE;
				GCC_WARN_UNUSED_FUNCTION = YES;
				GCC_WARN_UNUSED_VARIABLE = YES;
				IPHONEOS_DEPLOYMENT_TARGET = 13.6;
				MTL_ENABLE_DEBUG_INFO = NO;
				MTL_FAST_MATH = YES;
				SDKROOT = iphoneos;
				SWIFT_COMPILATION_MODE = wholemodule;
				SWIFT_OPTIMIZATION_LEVEL = "-O";
				VALIDATE_PRODUCT = YES;
			};
			name = Release;
		};
		3995F73825E2397C0084BEFA /* Debug */ = {
			isa = XCBuildConfiguration;
			baseConfigurationReference = 03C4E9D71FF83BC6FA330F3F /* Pods-memor.debug.xcconfig */;
			buildSettings = {
				ASSETCATALOG_COMPILER_APPICON_NAME = AppIcon;
				CODE_SIGN_STYLE = Automatic;
				DEVELOPMENT_TEAM = 8CF5UBGL4X;
				INFOPLIST_FILE = memor/Info.plist;
				IPHONEOS_DEPLOYMENT_TARGET = 13.0;
				LD_RUNPATH_SEARCH_PATHS = (
					"$(inherited)",
					"@executable_path/Frameworks",
				);
				PRODUCT_BUNDLE_IDENTIFIER = jp.hotmail.oseans.memor;
				PRODUCT_NAME = "$(TARGET_NAME)";
				SWIFT_VERSION = 5.0;
				TARGETED_DEVICE_FAMILY = "1,2";
			};
			name = Debug;
		};
		3995F73925E2397C0084BEFA /* Release */ = {
			isa = XCBuildConfiguration;
			baseConfigurationReference = 3130651C52CAFD8A2E715E96 /* Pods-memor.release.xcconfig */;
			buildSettings = {
				ASSETCATALOG_COMPILER_APPICON_NAME = AppIcon;
				CODE_SIGN_STYLE = Automatic;
				DEVELOPMENT_TEAM = 8CF5UBGL4X;
				INFOPLIST_FILE = memor/Info.plist;
				IPHONEOS_DEPLOYMENT_TARGET = 13.0;
				LD_RUNPATH_SEARCH_PATHS = (
					"$(inherited)",
					"@executable_path/Frameworks",
				);
				PRODUCT_BUNDLE_IDENTIFIER = jp.hotmail.oseans.memor;
				PRODUCT_NAME = "$(TARGET_NAME)";
				SWIFT_VERSION = 5.0;
				TARGETED_DEVICE_FAMILY = "1,2";
			};
			name = Release;
		};
/* End XCBuildConfiguration section */

/* Begin XCConfigurationList section */
		3995F71E25E239710084BEFA /* Build configuration list for PBXProject "memor" */ = {
			isa = XCConfigurationList;
			buildConfigurations = (
				3995F73525E2397C0084BEFA /* Debug */,
				3995F73625E2397C0084BEFA /* Release */,
			);
			defaultConfigurationIsVisible = 0;
			defaultConfigurationName = Release;
		};
		3995F73725E2397C0084BEFA /* Build configuration list for PBXNativeTarget "memor" */ = {
			isa = XCConfigurationList;
			buildConfigurations = (
				3995F73825E2397C0084BEFA /* Debug */,
				3995F73925E2397C0084BEFA /* Release */,
			);
			defaultConfigurationIsVisible = 0;
			defaultConfigurationName = Release;
		};
/* End XCConfigurationList section */
	};
	rootObject = 3995F71B25E239710084BEFA /* Project object */;
}
